// !$*UTF8*$!
{
	archiveVersion = 1;
	classes = {
	};
	objectVersion = 50;
	objects = {

/* Begin PBXBuildFile section */
		0190061B25B732C700010A92 /* elevator_waitApp.swift in Sources */ = {isa = PBXBuildFile; fileRef = 0190061A25B732C700010A92 /* elevator_waitApp.swift */; };
		0190061D25B732C700010A92 /* ContentView.swift in Sources */ = {isa = PBXBuildFile; fileRef = 0190061C25B732C700010A92 /* ContentView.swift */; };
		0190061F25B732C800010A92 /* Assets.xcassets in Resources */ = {isa = PBXBuildFile; fileRef = 0190061E25B732C800010A92 /* Assets.xcassets */; };
		0190062225B732C800010A92 /* Preview Assets.xcassets in Resources */ = {isa = PBXBuildFile; fileRef = 0190062125B732C800010A92 /* Preview Assets.xcassets */; };
		0190062D25B732C800010A92 /* elevator_waitTests.swift in Sources */ = {isa = PBXBuildFile; fileRef = 0190062C25B732C800010A92 /* elevator_waitTests.swift */; };
		0190063825B732C800010A92 /* elevator_waitUITests.swift in Sources */ = {isa = PBXBuildFile; fileRef = 0190063725B732C800010A92 /* elevator_waitUITests.swift */; };
		0190063D25B732C800010A92 /* elevator-wait WatchKit App.app in Embed Watch Content */ = {isa = PBXBuildFile; fileRef = 0190063C25B732C800010A92 /* elevator-wait WatchKit App.app */; settings = {ATTRIBUTES = (RemoveHeadersOnCopy, ); }; };
		0190064225B732C900010A92 /* Assets.xcassets in Resources */ = {isa = PBXBuildFile; fileRef = 0190064125B732C900010A92 /* Assets.xcassets */; };
		0190064925B732C900010A92 /* elevator-wait WatchKit Extension.appex in Embed App Extensions */ = {isa = PBXBuildFile; fileRef = 0190064825B732C900010A92 /* elevator-wait WatchKit Extension.appex */; settings = {ATTRIBUTES = (RemoveHeadersOnCopy, ); }; };
		0190064E25B732C900010A92 /* elevator_waitApp.swift in Sources */ = {isa = PBXBuildFile; fileRef = 0190064D25B732C900010A92 /* elevator_waitApp.swift */; };
		0190065025B732C900010A92 /* ContentView.swift in Sources */ = {isa = PBXBuildFile; fileRef = 0190064F25B732C900010A92 /* ContentView.swift */; };
		0190065225B732C900010A92 /* NotificationController.swift in Sources */ = {isa = PBXBuildFile; fileRef = 0190065125B732C900010A92 /* NotificationController.swift */; };
		0190065425B732C900010A92 /* NotificationView.swift in Sources */ = {isa = PBXBuildFile; fileRef = 0190065325B732C900010A92 /* NotificationView.swift */; };
		0190065625B732C900010A92 /* ComplicationController.swift in Sources */ = {isa = PBXBuildFile; fileRef = 0190065525B732C900010A92 /* ComplicationController.swift */; };
		0190065825B732CA00010A92 /* Assets.xcassets in Resources */ = {isa = PBXBuildFile; fileRef = 0190065725B732CA00010A92 /* Assets.xcassets */; };
		0190065B25B732CA00010A92 /* Preview Assets.xcassets in Resources */ = {isa = PBXBuildFile; fileRef = 0190065A25B732CA00010A92 /* Preview Assets.xcassets */; };
		0190067C25B74DCF00010A92 /* StopWatchManager.swift in Sources */ = {isa = PBXBuildFile; fileRef = 0190067B25B74DCF00010A92 /* StopWatchManager.swift */; };
/* End PBXBuildFile section */

/* Begin PBXContainerItemProxy section */
		0190062925B732C800010A92 /* PBXContainerItemProxy */ = {
			isa = PBXContainerItemProxy;
			containerPortal = 0190060F25B732C600010A92 /* Project object */;
			proxyType = 1;
			remoteGlobalIDString = 0190061625B732C700010A92;
			remoteInfo = "elevator-wait";
		};
		0190063425B732C800010A92 /* PBXContainerItemProxy */ = {
			isa = PBXContainerItemProxy;
			containerPortal = 0190060F25B732C600010A92 /* Project object */;
			proxyType = 1;
			remoteGlobalIDString = 0190061625B732C700010A92;
			remoteInfo = "elevator-wait";
		};
		0190063E25B732C800010A92 /* PBXContainerItemProxy */ = {
			isa = PBXContainerItemProxy;
			containerPortal = 0190060F25B732C600010A92 /* Project object */;
			proxyType = 1;
			remoteGlobalIDString = 0190063B25B732C800010A92;
			remoteInfo = "elevator-wait WatchKit App";
		};
		0190064A25B732C900010A92 /* PBXContainerItemProxy */ = {
			isa = PBXContainerItemProxy;
			containerPortal = 0190060F25B732C600010A92 /* Project object */;
			proxyType = 1;
			remoteGlobalIDString = 0190064725B732C900010A92;
			remoteInfo = "elevator-wait WatchKit Extension";
		};
/* End PBXContainerItemProxy section */

/* Begin PBXCopyFilesBuildPhase section */
		0190066325B732CA00010A92 /* Embed App Extensions */ = {
			isa = PBXCopyFilesBuildPhase;
			buildActionMask = 2147483647;
			dstPath = "";
			dstSubfolderSpec = 13;
			files = (
				0190064925B732C900010A92 /* elevator-wait WatchKit Extension.appex in Embed App Extensions */,
			);
			name = "Embed App Extensions";
			runOnlyForDeploymentPostprocessing = 0;
		};
		0190066725B732CA00010A92 /* Embed Watch Content */ = {
			isa = PBXCopyFilesBuildPhase;
			buildActionMask = 2147483647;
			dstPath = "$(CONTENTS_FOLDER_PATH)/Watch";
			dstSubfolderSpec = 16;
			files = (
				0190063D25B732C800010A92 /* elevator-wait WatchKit App.app in Embed Watch Content */,
			);
			name = "Embed Watch Content";
			runOnlyForDeploymentPostprocessing = 0;
		};
/* End PBXCopyFilesBuildPhase section */

/* Begin PBXFileReference section */
		0190061725B732C700010A92 /* elevator-wait.app */ = {isa = PBXFileReference; explicitFileType = wrapper.application; includeInIndex = 0; path = "elevator-wait.app"; sourceTree = BUILT_PRODUCTS_DIR; };
		0190061A25B732C700010A92 /* elevator_waitApp.swift */ = {isa = PBXFileReference; lastKnownFileType = sourcecode.swift; path = elevator_waitApp.swift; sourceTree = "<group>"; };
		0190061C25B732C700010A92 /* ContentView.swift */ = {isa = PBXFileReference; lastKnownFileType = sourcecode.swift; path = ContentView.swift; sourceTree = "<group>"; };
		0190061E25B732C800010A92 /* Assets.xcassets */ = {isa = PBXFileReference; lastKnownFileType = folder.assetcatalog; path = Assets.xcassets; sourceTree = "<group>"; };
		0190062125B732C800010A92 /* Preview Assets.xcassets */ = {isa = PBXFileReference; lastKnownFileType = folder.assetcatalog; path = "Preview Assets.xcassets"; sourceTree = "<group>"; };
		0190062325B732C800010A92 /* Info.plist */ = {isa = PBXFileReference; lastKnownFileType = text.plist.xml; path = Info.plist; sourceTree = "<group>"; };
		0190062825B732C800010A92 /* elevator-waitTests.xctest */ = {isa = PBXFileReference; explicitFileType = wrapper.cfbundle; includeInIndex = 0; path = "elevator-waitTests.xctest"; sourceTree = BUILT_PRODUCTS_DIR; };
		0190062C25B732C800010A92 /* elevator_waitTests.swift */ = {isa = PBXFileReference; lastKnownFileType = sourcecode.swift; path = elevator_waitTests.swift; sourceTree = "<group>"; };
		0190062E25B732C800010A92 /* Info.plist */ = {isa = PBXFileReference; lastKnownFileType = text.plist.xml; path = Info.plist; sourceTree = "<group>"; };
		0190063325B732C800010A92 /* elevator-waitUITests.xctest */ = {isa = PBXFileReference; explicitFileType = wrapper.cfbundle; includeInIndex = 0; path = "elevator-waitUITests.xctest"; sourceTree = BUILT_PRODUCTS_DIR; };
		0190063725B732C800010A92 /* elevator_waitUITests.swift */ = {isa = PBXFileReference; lastKnownFileType = sourcecode.swift; path = elevator_waitUITests.swift; sourceTree = "<group>"; };
		0190063925B732C800010A92 /* Info.plist */ = {isa = PBXFileReference; lastKnownFileType = text.plist.xml; path = Info.plist; sourceTree = "<group>"; };
		0190063C25B732C800010A92 /* elevator-wait WatchKit App.app */ = {isa = PBXFileReference; explicitFileType = wrapper.application; includeInIndex = 0; path = "elevator-wait WatchKit App.app"; sourceTree = BUILT_PRODUCTS_DIR; };
		0190064125B732C900010A92 /* Assets.xcassets */ = {isa = PBXFileReference; lastKnownFileType = folder.assetcatalog; path = Assets.xcassets; sourceTree = "<group>"; };
		0190064325B732C900010A92 /* Info.plist */ = {isa = PBXFileReference; lastKnownFileType = text.plist.xml; path = Info.plist; sourceTree = "<group>"; };
		0190064825B732C900010A92 /* elevator-wait WatchKit Extension.appex */ = {isa = PBXFileReference; explicitFileType = "wrapper.app-extension"; includeInIndex = 0; path = "elevator-wait WatchKit Extension.appex"; sourceTree = BUILT_PRODUCTS_DIR; };
		0190064D25B732C900010A92 /* elevator_waitApp.swift */ = {isa = PBXFileReference; lastKnownFileType = sourcecode.swift; path = elevator_waitApp.swift; sourceTree = "<group>"; };
		0190064F25B732C900010A92 /* ContentView.swift */ = {isa = PBXFileReference; lastKnownFileType = sourcecode.swift; path = ContentView.swift; sourceTree = "<group>"; };
		0190065125B732C900010A92 /* NotificationController.swift */ = {isa = PBXFileReference; lastKnownFileType = sourcecode.swift; path = NotificationController.swift; sourceTree = "<group>"; };
		0190065325B732C900010A92 /* NotificationView.swift */ = {isa = PBXFileReference; lastKnownFileType = sourcecode.swift; path = NotificationView.swift; sourceTree = "<group>"; };
		0190065525B732C900010A92 /* ComplicationController.swift */ = {isa = PBXFileReference; lastKnownFileType = sourcecode.swift; path = ComplicationController.swift; sourceTree = "<group>"; };
		0190065725B732CA00010A92 /* Assets.xcassets */ = {isa = PBXFileReference; lastKnownFileType = folder.assetcatalog; path = Assets.xcassets; sourceTree = "<group>"; };
		0190065A25B732CA00010A92 /* Preview Assets.xcassets */ = {isa = PBXFileReference; lastKnownFileType = folder.assetcatalog; path = "Preview Assets.xcassets"; sourceTree = "<group>"; };
		0190065C25B732CA00010A92 /* Info.plist */ = {isa = PBXFileReference; lastKnownFileType = text.plist.xml; path = Info.plist; sourceTree = "<group>"; };
		0190065D25B732CA00010A92 /* PushNotificationPayload.apns */ = {isa = PBXFileReference; lastKnownFileType = text; path = PushNotificationPayload.apns; sourceTree = "<group>"; };
		0190067B25B74DCF00010A92 /* StopWatchManager.swift */ = {isa = PBXFileReference; lastKnownFileType = sourcecode.swift; path = StopWatchManager.swift; sourceTree = "<group>"; };
/* End PBXFileReference section */

/* Begin PBXFrameworksBuildPhase section */
		0190061425B732C700010A92 /* Frameworks */ = {
			isa = PBXFrameworksBuildPhase;
			buildActionMask = 2147483647;
			files = (
			);
			runOnlyForDeploymentPostprocessing = 0;
		};
		0190062525B732C800010A92 /* Frameworks */ = {
			isa = PBXFrameworksBuildPhase;
			buildActionMask = 2147483647;
			files = (
			);
			runOnlyForDeploymentPostprocessing = 0;
		};
		0190063025B732C800010A92 /* Frameworks */ = {
			isa = PBXFrameworksBuildPhase;
			buildActionMask = 2147483647;
			files = (
			);
			runOnlyForDeploymentPostprocessing = 0;
		};
		0190064525B732C900010A92 /* Frameworks */ = {
			isa = PBXFrameworksBuildPhase;
			buildActionMask = 2147483647;
			files = (
			);
			runOnlyForDeploymentPostprocessing = 0;
		};
/* End PBXFrameworksBuildPhase section */

/* Begin PBXGroup section */
		0190060E25B732C600010A92 = {
			isa = PBXGroup;
			children = (
				0190061925B732C700010A92 /* elevator-wait */,
				0190062B25B732C800010A92 /* elevator-waitTests */,
				0190063625B732C800010A92 /* elevator-waitUITests */,
				0190064025B732C800010A92 /* elevator-wait WatchKit App */,
				0190064C25B732C900010A92 /* elevator-wait WatchKit Extension */,
				0190061825B732C700010A92 /* Products */,
			);
			sourceTree = "<group>";
		};
		0190061825B732C700010A92 /* Products */ = {
			isa = PBXGroup;
			children = (
				0190061725B732C700010A92 /* elevator-wait.app */,
				0190062825B732C800010A92 /* elevator-waitTests.xctest */,
				0190063325B732C800010A92 /* elevator-waitUITests.xctest */,
				0190063C25B732C800010A92 /* elevator-wait WatchKit App.app */,
				0190064825B732C900010A92 /* elevator-wait WatchKit Extension.appex */,
			);
			name = Products;
			sourceTree = "<group>";
		};
		0190061925B732C700010A92 /* elevator-wait */ = {
			isa = PBXGroup;
			children = (
				0190067B25B74DCF00010A92 /* StopWatchManager.swift */,
				0190061A25B732C700010A92 /* elevator_waitApp.swift */,
				0190061C25B732C700010A92 /* ContentView.swift */,
				0190061E25B732C800010A92 /* Assets.xcassets */,
				0190062325B732C800010A92 /* Info.plist */,
				0190062025B732C800010A92 /* Preview Content */,
			);
			path = "elevator-wait";
			sourceTree = "<group>";
		};
		0190062025B732C800010A92 /* Preview Content */ = {
			isa = PBXGroup;
			children = (
				0190062125B732C800010A92 /* Preview Assets.xcassets */,
			);
			path = "Preview Content";
			sourceTree = "<group>";
		};
		0190062B25B732C800010A92 /* elevator-waitTests */ = {
			isa = PBXGroup;
			children = (
				0190062C25B732C800010A92 /* elevator_waitTests.swift */,
				0190062E25B732C800010A92 /* Info.plist */,
			);
			path = "elevator-waitTests";
			sourceTree = "<group>";
		};
		0190063625B732C800010A92 /* elevator-waitUITests */ = {
			isa = PBXGroup;
			children = (
				0190063725B732C800010A92 /* elevator_waitUITests.swift */,
				0190063925B732C800010A92 /* Info.plist */,
			);
			path = "elevator-waitUITests";
			sourceTree = "<group>";
		};
		0190064025B732C800010A92 /* elevator-wait WatchKit App */ = {
			isa = PBXGroup;
			children = (
				0190064125B732C900010A92 /* Assets.xcassets */,
				0190064325B732C900010A92 /* Info.plist */,
			);
			path = "elevator-wait WatchKit App";
			sourceTree = "<group>";
		};
		0190064C25B732C900010A92 /* elevator-wait WatchKit Extension */ = {
			isa = PBXGroup;
			children = (
				0190064D25B732C900010A92 /* elevator_waitApp.swift */,
				0190064F25B732C900010A92 /* ContentView.swift */,
				0190065125B732C900010A92 /* NotificationController.swift */,
				0190065325B732C900010A92 /* NotificationView.swift */,
				0190065525B732C900010A92 /* ComplicationController.swift */,
				0190065725B732CA00010A92 /* Assets.xcassets */,
				0190065C25B732CA00010A92 /* Info.plist */,
				0190065D25B732CA00010A92 /* PushNotificationPayload.apns */,
				0190065925B732CA00010A92 /* Preview Content */,
			);
			path = "elevator-wait WatchKit Extension";
			sourceTree = "<group>";
		};
		0190065925B732CA00010A92 /* Preview Content */ = {
			isa = PBXGroup;
			children = (
				0190065A25B732CA00010A92 /* Preview Assets.xcassets */,
			);
			path = "Preview Content";
			sourceTree = "<group>";
		};
/* End PBXGroup section */

/* Begin PBXNativeTarget section */
		0190061625B732C700010A92 /* elevator-wait */ = {
			isa = PBXNativeTarget;
			buildConfigurationList = 0190066825B732CA00010A92 /* Build configuration list for PBXNativeTarget "elevator-wait" */;
			buildPhases = (
				0190061325B732C700010A92 /* Sources */,
				0190061425B732C700010A92 /* Frameworks */,
				0190061525B732C700010A92 /* Resources */,
				0190066725B732CA00010A92 /* Embed Watch Content */,
			);
			buildRules = (
			);
			dependencies = (
				0190063F25B732C800010A92 /* PBXTargetDependency */,
			);
			name = "elevator-wait";
			productName = "elevator-wait";
			productReference = 0190061725B732C700010A92 /* elevator-wait.app */;
			productType = "com.apple.product-type.application";
		};
		0190062725B732C800010A92 /* elevator-waitTests */ = {
			isa = PBXNativeTarget;
			buildConfigurationList = 0190066B25B732CA00010A92 /* Build configuration list for PBXNativeTarget "elevator-waitTests" */;
			buildPhases = (
				0190062425B732C800010A92 /* Sources */,
				0190062525B732C800010A92 /* Frameworks */,
				0190062625B732C800010A92 /* Resources */,
			);
			buildRules = (
			);
			dependencies = (
				0190062A25B732C800010A92 /* PBXTargetDependency */,
			);
			name = "elevator-waitTests";
			productName = "elevator-waitTests";
			productReference = 0190062825B732C800010A92 /* elevator-waitTests.xctest */;
			productType = "com.apple.product-type.bundle.unit-test";
		};
		0190063225B732C800010A92 /* elevator-waitUITests */ = {
			isa = PBXNativeTarget;
			buildConfigurationList = 0190066E25B732CA00010A92 /* Build configuration list for PBXNativeTarget "elevator-waitUITests" */;
			buildPhases = (
				0190062F25B732C800010A92 /* Sources */,
				0190063025B732C800010A92 /* Frameworks */,
				0190063125B732C800010A92 /* Resources */,
			);
			buildRules = (
			);
			dependencies = (
				0190063525B732C800010A92 /* PBXTargetDependency */,
			);
			name = "elevator-waitUITests";
			productName = "elevator-waitUITests";
			productReference = 0190063325B732C800010A92 /* elevator-waitUITests.xctest */;
			productType = "com.apple.product-type.bundle.ui-testing";
		};
		0190063B25B732C800010A92 /* elevator-wait WatchKit App */ = {
			isa = PBXNativeTarget;
			buildConfigurationList = 0190066425B732CA00010A92 /* Build configuration list for PBXNativeTarget "elevator-wait WatchKit App" */;
			buildPhases = (
				0190063A25B732C800010A92 /* Resources */,
				0190066325B732CA00010A92 /* Embed App Extensions */,
			);
			buildRules = (
			);
			dependencies = (
				0190064B25B732C900010A92 /* PBXTargetDependency */,
			);
			name = "elevator-wait WatchKit App";
			productName = "elevator-wait WatchKit App";
			productReference = 0190063C25B732C800010A92 /* elevator-wait WatchKit App.app */;
			productType = "com.apple.product-type.application.watchapp2";
		};
		0190064725B732C900010A92 /* elevator-wait WatchKit Extension */ = {
			isa = PBXNativeTarget;
			buildConfigurationList = 0190066025B732CA00010A92 /* Build configuration list for PBXNativeTarget "elevator-wait WatchKit Extension" */;
			buildPhases = (
				0190064425B732C900010A92 /* Sources */,
				0190064525B732C900010A92 /* Frameworks */,
				0190064625B732C900010A92 /* Resources */,
			);
			buildRules = (
			);
			dependencies = (
			);
			name = "elevator-wait WatchKit Extension";
			productName = "elevator-wait WatchKit Extension";
			productReference = 0190064825B732C900010A92 /* elevator-wait WatchKit Extension.appex */;
			productType = "com.apple.product-type.watchkit2-extension";
		};
/* End PBXNativeTarget section */

/* Begin PBXProject section */
		0190060F25B732C600010A92 /* Project object */ = {
			isa = PBXProject;
			attributes = {
				LastSwiftUpdateCheck = 1220;
				LastUpgradeCheck = 1220;
				TargetAttributes = {
					0190061625B732C700010A92 = {
						CreatedOnToolsVersion = 12.2;
					};
					0190062725B732C800010A92 = {
						CreatedOnToolsVersion = 12.2;
						TestTargetID = 0190061625B732C700010A92;
					};
					0190063225B732C800010A92 = {
						CreatedOnToolsVersion = 12.2;
						TestTargetID = 0190061625B732C700010A92;
					};
					0190063B25B732C800010A92 = {
						CreatedOnToolsVersion = 12.2;
					};
					0190064725B732C900010A92 = {
						CreatedOnToolsVersion = 12.2;
					};
				};
			};
			buildConfigurationList = 0190061225B732C600010A92 /* Build configuration list for PBXProject "elevator-wait" */;
			compatibilityVersion = "Xcode 9.3";
			developmentRegion = en;
			hasScannedForEncodings = 0;
			knownRegions = (
				en,
				Base,
			);
			mainGroup = 0190060E25B732C600010A92;
			productRefGroup = 0190061825B732C700010A92 /* Products */;
			projectDirPath = "";
			projectRoot = "";
			targets = (
				0190061625B732C700010A92 /* elevator-wait */,
				0190062725B732C800010A92 /* elevator-waitTests */,
				0190063225B732C800010A92 /* elevator-waitUITests */,
				0190063B25B732C800010A92 /* elevator-wait WatchKit App */,
				0190064725B732C900010A92 /* elevator-wait WatchKit Extension */,
			);
		};
/* End PBXProject section */

/* Begin PBXResourcesBuildPhase section */
		0190061525B732C700010A92 /* Resources */ = {
			isa = PBXResourcesBuildPhase;
			buildActionMask = 2147483647;
			files = (
				0190062225B732C800010A92 /* Preview Assets.xcassets in Resources */,
				0190061F25B732C800010A92 /* Assets.xcassets in Resources */,
			);
			runOnlyForDeploymentPostprocessing = 0;
		};
		0190062625B732C800010A92 /* Resources */ = {
			isa = PBXResourcesBuildPhase;
			buildActionMask = 2147483647;
			files = (
			);
			runOnlyForDeploymentPostprocessing = 0;
		};
		0190063125B732C800010A92 /* Resources */ = {
			isa = PBXResourcesBuildPhase;
			buildActionMask = 2147483647;
			files = (
			);
			runOnlyForDeploymentPostprocessing = 0;
		};
		0190063A25B732C800010A92 /* Resources */ = {
			isa = PBXResourcesBuildPhase;
			buildActionMask = 2147483647;
			files = (
				0190064225B732C900010A92 /* Assets.xcassets in Resources */,
			);
			runOnlyForDeploymentPostprocessing = 0;
		};
		0190064625B732C900010A92 /* Resources */ = {
			isa = PBXResourcesBuildPhase;
			buildActionMask = 2147483647;
			files = (
				0190065B25B732CA00010A92 /* Preview Assets.xcassets in Resources */,
				0190065825B732CA00010A92 /* Assets.xcassets in Resources */,
			);
			runOnlyForDeploymentPostprocessing = 0;
		};
/* End PBXResourcesBuildPhase section */

/* Begin PBXSourcesBuildPhase section */
		0190061325B732C700010A92 /* Sources */ = {
			isa = PBXSourcesBuildPhase;
			buildActionMask = 2147483647;
			files = (
				0190067C25B74DCF00010A92 /* StopWatchManager.swift in Sources */,
				0190061D25B732C700010A92 /* ContentView.swift in Sources */,
				0190061B25B732C700010A92 /* elevator_waitApp.swift in Sources */,
			);
			runOnlyForDeploymentPostprocessing = 0;
		};
		0190062425B732C800010A92 /* Sources */ = {
			isa = PBXSourcesBuildPhase;
			buildActionMask = 2147483647;
			files = (
				0190062D25B732C800010A92 /* elevator_waitTests.swift in Sources */,
			);
			runOnlyForDeploymentPostprocessing = 0;
		};
		0190062F25B732C800010A92 /* Sources */ = {
			isa = PBXSourcesBuildPhase;
			buildActionMask = 2147483647;
			files = (
				0190063825B732C800010A92 /* elevator_waitUITests.swift in Sources */,
			);
			runOnlyForDeploymentPostprocessing = 0;
		};
		0190064425B732C900010A92 /* Sources */ = {
			isa = PBXSourcesBuildPhase;
			buildActionMask = 2147483647;
			files = (
				0190065225B732C900010A92 /* NotificationController.swift in Sources */,
				0190065025B732C900010A92 /* ContentView.swift in Sources */,
				0190065625B732C900010A92 /* ComplicationController.swift in Sources */,
				0190064E25B732C900010A92 /* elevator_waitApp.swift in Sources */,
				0190065425B732C900010A92 /* NotificationView.swift in Sources */,
			);
			runOnlyForDeploymentPostprocessing = 0;
		};
/* End PBXSourcesBuildPhase section */

/* Begin PBXTargetDependency section */
		0190062A25B732C800010A92 /* PBXTargetDependency */ = {
			isa = PBXTargetDependency;
			target = 0190061625B732C700010A92 /* elevator-wait */;
			targetProxy = 0190062925B732C800010A92 /* PBXContainerItemProxy */;
		};
		0190063525B732C800010A92 /* PBXTargetDependency */ = {
			isa = PBXTargetDependency;
			target = 0190061625B732C700010A92 /* elevator-wait */;
			targetProxy = 0190063425B732C800010A92 /* PBXContainerItemProxy */;
		};
		0190063F25B732C800010A92 /* PBXTargetDependency */ = {
			isa = PBXTargetDependency;
			target = 0190063B25B732C800010A92 /* elevator-wait WatchKit App */;
			targetProxy = 0190063E25B732C800010A92 /* PBXContainerItemProxy */;
		};
		0190064B25B732C900010A92 /* PBXTargetDependency */ = {
			isa = PBXTargetDependency;
			target = 0190064725B732C900010A92 /* elevator-wait WatchKit Extension */;
			targetProxy = 0190064A25B732C900010A92 /* PBXContainerItemProxy */;
		};
/* End PBXTargetDependency section */

/* Begin XCBuildConfiguration section */
		0190065E25B732CA00010A92 /* Debug */ = {
			isa = XCBuildConfiguration;
			buildSettings = {
				ALWAYS_SEARCH_USER_PATHS = NO;
				CLANG_ANALYZER_NONNULL = YES;
				CLANG_ANALYZER_NUMBER_OBJECT_CONVERSION = YES_AGGRESSIVE;
				CLANG_CXX_LANGUAGE_STANDARD = "gnu++14";
				CLANG_CXX_LIBRARY = "libc++";
				CLANG_ENABLE_MODULES = YES;
				CLANG_ENABLE_OBJC_ARC = YES;
				CLANG_ENABLE_OBJC_WEAK = YES;
				CLANG_WARN_BLOCK_CAPTURE_AUTORELEASING = YES;
				CLANG_WARN_BOOL_CONVERSION = YES;
				CLANG_WARN_COMMA = YES;
				CLANG_WARN_CONSTANT_CONVERSION = YES;
				CLANG_WARN_DEPRECATED_OBJC_IMPLEMENTATIONS = YES;
				CLANG_WARN_DIRECT_OBJC_ISA_USAGE = YES_ERROR;
				CLANG_WARN_DOCUMENTATION_COMMENTS = YES;
				CLANG_WARN_EMPTY_BODY = YES;
				CLANG_WARN_ENUM_CONVERSION = YES;
				CLANG_WARN_INFINITE_RECURSION = YES;
				CLANG_WARN_INT_CONVERSION = YES;
				CLANG_WARN_NON_LITERAL_NULL_CONVERSION = YES;
				CLANG_WARN_OBJC_IMPLICIT_RETAIN_SELF = YES;
				CLANG_WARN_OBJC_LITERAL_CONVERSION = YES;
				CLANG_WARN_OBJC_ROOT_CLASS = YES_ERROR;
				CLANG_WARN_QUOTED_INCLUDE_IN_FRAMEWORK_HEADER = YES;
				CLANG_WARN_RANGE_LOOP_ANALYSIS = YES;
				CLANG_WARN_STRICT_PROTOTYPES = YES;
				CLANG_WARN_SUSPICIOUS_MOVE = YES;
				CLANG_WARN_UNGUARDED_AVAILABILITY = YES_AGGRESSIVE;
				CLANG_WARN_UNREACHABLE_CODE = YES;
				CLANG_WARN__DUPLICATE_METHOD_MATCH = YES;
				COPY_PHASE_STRIP = NO;
				DEBUG_INFORMATION_FORMAT = dwarf;
				ENABLE_STRICT_OBJC_MSGSEND = YES;
				ENABLE_TESTABILITY = YES;
				GCC_C_LANGUAGE_STANDARD = gnu11;
				GCC_DYNAMIC_NO_PIC = NO;
				GCC_NO_COMMON_BLOCKS = YES;
				GCC_OPTIMIZATION_LEVEL = 0;
				GCC_PREPROCESSOR_DEFINITIONS = (
					"DEBUG=1",
					"$(inherited)",
				);
				GCC_WARN_64_TO_32_BIT_CONVERSION = YES;
				GCC_WARN_ABOUT_RETURN_TYPE = YES_ERROR;
				GCC_WARN_UNDECLARED_SELECTOR = YES;
				GCC_WARN_UNINITIALIZED_AUTOS = YES_AGGRESSIVE;
				GCC_WARN_UNUSED_FUNCTION = YES;
				GCC_WARN_UNUSED_VARIABLE = YES;
				MTL_ENABLE_DEBUG_INFO = INCLUDE_SOURCE;
				MTL_FAST_MATH = YES;
				ONLY_ACTIVE_ARCH = YES;
				SWIFT_ACTIVE_COMPILATION_CONDITIONS = DEBUG;
				SWIFT_OPTIMIZATION_LEVEL = "-Onone";
			};
			name = Debug;
		};
		0190065F25B732CA00010A92 /* Release */ = {
			isa = XCBuildConfiguration;
			buildSettings = {
				ALWAYS_SEARCH_USER_PATHS = NO;
				CLANG_ANALYZER_NONNULL = YES;
				CLANG_ANALYZER_NUMBER_OBJECT_CONVERSION = YES_AGGRESSIVE;
				CLANG_CXX_LANGUAGE_STANDARD = "gnu++14";
				CLANG_CXX_LIBRARY = "libc++";
				CLANG_ENABLE_MODULES = YES;
				CLANG_ENABLE_OBJC_ARC = YES;
				CLANG_ENABLE_OBJC_WEAK = YES;
				CLANG_WARN_BLOCK_CAPTURE_AUTORELEASING = YES;
				CLANG_WARN_BOOL_CONVERSION = YES;
				CLANG_WARN_COMMA = YES;
				CLANG_WARN_CONSTANT_CONVERSION = YES;
				CLANG_WARN_DEPRECATED_OBJC_IMPLEMENTATIONS = YES;
				CLANG_WARN_DIRECT_OBJC_ISA_USAGE = YES_ERROR;
				CLANG_WARN_DOCUMENTATION_COMMENTS = YES;
				CLANG_WARN_EMPTY_BODY = YES;
				CLANG_WARN_ENUM_CONVERSION = YES;
				CLANG_WARN_INFINITE_RECURSION = YES;
				CLANG_WARN_INT_CONVERSION = YES;
				CLANG_WARN_NON_LITERAL_NULL_CONVERSION = YES;
				CLANG_WARN_OBJC_IMPLICIT_RETAIN_SELF = YES;
				CLANG_WARN_OBJC_LITERAL_CONVERSION = YES;
				CLANG_WARN_OBJC_ROOT_CLASS = YES_ERROR;
				CLANG_WARN_QUOTED_INCLUDE_IN_FRAMEWORK_HEADER = YES;
				CLANG_WARN_RANGE_LOOP_ANALYSIS = YES;
				CLANG_WARN_STRICT_PROTOTYPES = YES;
				CLANG_WARN_SUSPICIOUS_MOVE = YES;
				CLANG_WARN_UNGUARDED_AVAILABILITY = YES_AGGRESSIVE;
				CLANG_WARN_UNREACHABLE_CODE = YES;
				CLANG_WARN__DUPLICATE_METHOD_MATCH = YES;
				COPY_PHASE_STRIP = NO;
				DEBUG_INFORMATION_FORMAT = "dwarf-with-dsym";
				ENABLE_NS_ASSERTIONS = NO;
				ENABLE_STRICT_OBJC_MSGSEND = YES;
				GCC_C_LANGUAGE_STANDARD = gnu11;
				GCC_NO_COMMON_BLOCKS = YES;
				GCC_WARN_64_TO_32_BIT_CONVERSION = YES;
				GCC_WARN_ABOUT_RETURN_TYPE = YES_ERROR;
				GCC_WARN_UNDECLARED_SELECTOR = YES;
				GCC_WARN_UNINITIALIZED_AUTOS = YES_AGGRESSIVE;
				GCC_WARN_UNUSED_FUNCTION = YES;
				GCC_WARN_UNUSED_VARIABLE = YES;
				MTL_ENABLE_DEBUG_INFO = NO;
				MTL_FAST_MATH = YES;
				SWIFT_COMPILATION_MODE = wholemodule;
				SWIFT_OPTIMIZATION_LEVEL = "-O";
			};
			name = Release;
		};
		0190066125B732CA00010A92 /* Debug */ = {
			isa = XCBuildConfiguration;
			buildSettings = {
				ASSETCATALOG_COMPILER_COMPLICATION_NAME = Complication;
				CODE_SIGN_STYLE = Automatic;
				DEVELOPMENT_ASSET_PATHS = "\"elevator-wait WatchKit Extension/Preview Content\"";
				DEVELOPMENT_TEAM = NMBK2543Y3;
				ENABLE_PREVIEWS = YES;
				INFOPLIST_FILE = "elevator-wait WatchKit Extension/Info.plist";
				LD_RUNPATH_SEARCH_PATHS = (
					"$(inherited)",
					"@executable_path/Frameworks",
					"@executable_path/../../Frameworks",
				);
				PRODUCT_BUNDLE_IDENTIFIER = "SJA.elevator-wait.watchkitapp.watchkitextension";
				PRODUCT_NAME = "${TARGET_NAME}";
				SDKROOT = watchos;
				SKIP_INSTALL = YES;
				SWIFT_VERSION = 5.0;
				TARGETED_DEVICE_FAMILY = 4;
				WATCHOS_DEPLOYMENT_TARGET = 7.1;
			};
			name = Debug;
		};
		0190066225B732CA00010A92 /* Release */ = {
			isa = XCBuildConfiguration;
			buildSettings = {
				ASSETCATALOG_COMPILER_COMPLICATION_NAME = Complication;
				CODE_SIGN_STYLE = Automatic;
				DEVELOPMENT_ASSET_PATHS = "\"elevator-wait WatchKit Extension/Preview Content\"";
				DEVELOPMENT_TEAM = NMBK2543Y3;
				ENABLE_PREVIEWS = YES;
				INFOPLIST_FILE = "elevator-wait WatchKit Extension/Info.plist";
				LD_RUNPATH_SEARCH_PATHS = (
					"$(inherited)",
					"@executable_path/Frameworks",
					"@executable_path/../../Frameworks",
				);
				PRODUCT_BUNDLE_IDENTIFIER = "SJA.elevator-wait.watchkitapp.watchkitextension";
				PRODUCT_NAME = "${TARGET_NAME}";
				SDKROOT = watchos;
				SKIP_INSTALL = YES;
				SWIFT_VERSION = 5.0;
				TARGETED_DEVICE_FAMILY = 4;
				VALIDATE_PRODUCT = YES;
				WATCHOS_DEPLOYMENT_TARGET = 7.1;
			};
			name = Release;
		};
		0190066525B732CA00010A92 /* Debug */ = {
			isa = XCBuildConfiguration;
			buildSettings = {
				ALWAYS_EMBED_SWIFT_STANDARD_LIBRARIES = YES;
				ASSETCATALOG_COMPILER_APPICON_NAME = AppIcon;
				ASSETCATALOG_COMPILER_GLOBAL_ACCENT_COLOR_NAME = AccentColor;
				CODE_SIGN_STYLE = Automatic;
				DEVELOPMENT_TEAM = NMBK2543Y3;
				IBSC_MODULE = elevator_wait_WatchKit_Extension;
				INFOPLIST_FILE = "elevator-wait WatchKit App/Info.plist";
				PRODUCT_BUNDLE_IDENTIFIER = "SJA.elevator-wait.watchkitapp";
				PRODUCT_NAME = "$(TARGET_NAME)";
				SDKROOT = watchos;
				SKIP_INSTALL = YES;
				SWIFT_VERSION = 5.0;
				TARGETED_DEVICE_FAMILY = 4;
				WATCHOS_DEPLOYMENT_TARGET = 7.1;
			};
			name = Debug;
		};
		0190066625B732CA00010A92 /* Release */ = {
			isa = XCBuildConfiguration;
			buildSettings = {
				ALWAYS_EMBED_SWIFT_STANDARD_LIBRARIES = YES;
				ASSETCATALOG_COMPILER_APPICON_NAME = AppIcon;
				ASSETCATALOG_COMPILER_GLOBAL_ACCENT_COLOR_NAME = AccentColor;
				CODE_SIGN_STYLE = Automatic;
				DEVELOPMENT_TEAM = NMBK2543Y3;
				IBSC_MODULE = elevator_wait_WatchKit_Extension;
				INFOPLIST_FILE = "elevator-wait WatchKit App/Info.plist";
				PRODUCT_BUNDLE_IDENTIFIER = "SJA.elevator-wait.watchkitapp";
				PRODUCT_NAME = "$(TARGET_NAME)";
				SDKROOT = watchos;
				SKIP_INSTALL = YES;
				SWIFT_VERSION = 5.0;
				TARGETED_DEVICE_FAMILY = 4;
				VALIDATE_PRODUCT = YES;
				WATCHOS_DEPLOYMENT_TARGET = 7.1;
			};
			name = Release;
		};
		0190066925B732CA00010A92 /* Debug */ = {
			isa = XCBuildConfiguration;
			buildSettings = {
				ASSETCATALOG_COMPILER_APPICON_NAME = AppIcon;
				ASSETCATALOG_COMPILER_GLOBAL_ACCENT_COLOR_NAME = AccentColor;
				CODE_SIGN_STYLE = Automatic;
				DEVELOPMENT_ASSET_PATHS = "\"elevator-wait/Preview Content\"";
				DEVELOPMENT_TEAM = NMBK2543Y3;
				ENABLE_PREVIEWS = YES;
				INFOPLIST_FILE = "elevator-wait/Info.plist";
				IPHONEOS_DEPLOYMENT_TARGET = 14.2;
				LD_RUNPATH_SEARCH_PATHS = (
					"$(inherited)",
					"@executable_path/Frameworks",
				);
				PRODUCT_BUNDLE_IDENTIFIER = "SJA.elevator-wait";
				PRODUCT_NAME = "$(TARGET_NAME)";
				SDKROOT = iphoneos;
				SWIFT_VERSION = 5.0;
				TARGETED_DEVICE_FAMILY = "1,2";
			};
			name = Debug;
		};
		0190066A25B732CA00010A92 /* Release */ = {
			isa = XCBuildConfiguration;
			buildSettings = {
				ASSETCATALOG_COMPILER_APPICON_NAME = AppIcon;
				ASSETCATALOG_COMPILER_GLOBAL_ACCENT_COLOR_NAME = AccentColor;
				CODE_SIGN_STYLE = Automatic;
				DEVELOPMENT_ASSET_PATHS = "\"elevator-wait/Preview Content\"";
				DEVELOPMENT_TEAM = NMBK2543Y3;
				ENABLE_PREVIEWS = YES;
				INFOPLIST_FILE = "elevator-wait/Info.plist";
				IPHONEOS_DEPLOYMENT_TARGET = 14.2;
				LD_RUNPATH_SEARCH_PATHS = (
					"$(inherited)",
					"@executable_path/Frameworks",
				);
				PRODUCT_BUNDLE_IDENTIFIER = "SJA.elevator-wait";
				PRODUCT_NAME = "$(TARGET_NAME)";
				SDKROOT = iphoneos;
				SWIFT_VERSION = 5.0;
				TARGETED_DEVICE_FAMILY = "1,2";
				VALIDATE_PRODUCT = YES;
			};
			name = Release;
		};
		0190066C25B732CA00010A92 /* Debug */ = {
			isa = XCBuildConfiguration;
			buildSettings = {
				ALWAYS_EMBED_SWIFT_STANDARD_LIBRARIES = YES;
				BUNDLE_LOADER = "$(TEST_HOST)";
				CODE_SIGN_STYLE = Automatic;
				DEVELOPMENT_TEAM = NMBK2543Y3;
				INFOPLIST_FILE = "elevator-waitTests/Info.plist";
				IPHONEOS_DEPLOYMENT_TARGET = 14.2;
				LD_RUNPATH_SEARCH_PATHS = (
					"$(inherited)",
					"@executable_path/Frameworks",
					"@loader_path/Frameworks",
				);
				PRODUCT_BUNDLE_IDENTIFIER = "SJA.elevator-waitTests";
				PRODUCT_NAME = "$(TARGET_NAME)";
				SDKROOT = iphoneos;
				SWIFT_VERSION = 5.0;
				TARGETED_DEVICE_FAMILY = "1,2";
				TEST_HOST = "$(BUILT_PRODUCTS_DIR)/elevator-wait.app/elevator-wait";
			};
			name = Debug;
		};
		0190066D25B732CA00010A92 /* Release */ = {
			isa = XCBuildConfiguration;
			buildSettings = {
				ALWAYS_EMBED_SWIFT_STANDARD_LIBRARIES = YES;
				BUNDLE_LOADER = "$(TEST_HOST)";
				CODE_SIGN_STYLE = Automatic;
				DEVELOPMENT_TEAM = NMBK2543Y3;
				INFOPLIST_FILE = "elevator-waitTests/Info.plist";
				IPHONEOS_DEPLOYMENT_TARGET = 14.2;
				LD_RUNPATH_SEARCH_PATHS = (
					"$(inherited)",
					"@executable_path/Frameworks",
					"@loader_path/Frameworks",
				);
				PRODUCT_BUNDLE_IDENTIFIER = "SJA.elevator-waitTests";
				PRODUCT_NAME = "$(TARGET_NAME)";
				SDKROOT = iphoneos;
				SWIFT_VERSION = 5.0;
				TARGETED_DEVICE_FAMILY = "1,2";
				TEST_HOST = "$(BUILT_PRODUCTS_DIR)/elevator-wait.app/elevator-wait";
				VALIDATE_PRODUCT = YES;
			};
			name = Release;
		};
		0190066F25B732CA00010A92 /* Debug */ = {
			isa = XCBuildConfiguration;
			buildSettings = {
				ALWAYS_EMBED_SWIFT_STANDARD_LIBRARIES = YES;
				CODE_SIGN_STYLE = Automatic;
				DEVELOPMENT_TEAM = NMBK2543Y3;
				INFOPLIST_FILE = "elevator-waitUITests/Info.plist";
				IPHONEOS_DEPLOYMENT_TARGET = 14.2;
				LD_RUNPATH_SEARCH_PATHS = (
					"$(inherited)",
					"@executable_path/Frameworks",
					"@loader_path/Frameworks",
				);
				PRODUCT_BUNDLE_IDENTIFIER = "SJA.elevator-waitUITests";
				PRODUCT_NAME = "$(TARGET_NAME)";
				SDKROOT = iphoneos;
				SWIFT_VERSION = 5.0;
				TARGETED_DEVICE_FAMILY = "1,2";
				TEST_TARGET_NAME = "elevator-wait";
			};
			name = Debug;
		};
		0190067025B732CA00010A92 /* Release */ = {
			isa = XCBuildConfiguration;
			buildSettings = {
				ALWAYS_EMBED_SWIFT_STANDARD_LIBRARIES = YES;
				CODE_SIGN_STYLE = Automatic;
				DEVELOPMENT_TEAM = NMBK2543Y3;
				INFOPLIST_FILE = "elevator-waitUITests/Info.plist";
				IPHONEOS_DEPLOYMENT_TARGET = 14.2;
				LD_RUNPATH_SEARCH_PATHS = (
					"$(inherited)",
					"@executable_path/Frameworks",
					"@loader_path/Frameworks",
				);
				PRODUCT_BUNDLE_IDENTIFIER = "SJA.elevator-waitUITests";
				PRODUCT_NAME = "$(TARGET_NAME)";
				SDKROOT = iphoneos;
				SWIFT_VERSION = 5.0;
				TARGETED_DEVICE_FAMILY = "1,2";
				TEST_TARGET_NAME = "elevator-wait";
				VALIDATE_PRODUCT = YES;
			};
			name = Release;
		};
/* End XCBuildConfiguration section */

/* Begin XCConfigurationList section */
		0190061225B732C600010A92 /* Build configuration list for PBXProject "elevator-wait" */ = {
			isa = XCConfigurationList;
			buildConfigurations = (
				0190065E25B732CA00010A92 /* Debug */,
				0190065F25B732CA00010A92 /* Release */,
			);
			defaultConfigurationIsVisible = 0;
			defaultConfigurationName = Release;
		};
		0190066025B732CA00010A92 /* Build configuration list for PBXNativeTarget "elevator-wait WatchKit Extension" */ = {
			isa = XCConfigurationList;
			buildConfigurations = (
				0190066125B732CA00010A92 /* Debug */,
				0190066225B732CA00010A92 /* Release */,
			);
			defaultConfigurationIsVisible = 0;
			defaultConfigurationName = Release;
		};
		0190066425B732CA00010A92 /* Build configuration list for PBXNativeTarget "elevator-wait WatchKit App" */ = {
			isa = XCConfigurationList;
			buildConfigurations = (
				0190066525B732CA00010A92 /* Debug */,
				0190066625B732CA00010A92 /* Release */,
			);
			defaultConfigurationIsVisible = 0;
			defaultConfigurationName = Release;
		};
		0190066825B732CA00010A92 /* Build configuration list for PBXNativeTarget "elevator-wait" */ = {
			isa = XCConfigurationList;
			buildConfigurations = (
				0190066925B732CA00010A92 /* Debug */,
				0190066A25B732CA00010A92 /* Release */,
			);
			defaultConfigurationIsVisible = 0;
			defaultConfigurationName = Release;
		};
		0190066B25B732CA00010A92 /* Build configuration list for PBXNativeTarget "elevator-waitTests" */ = {
			isa = XCConfigurationList;
			buildConfigurations = (
				0190066C25B732CA00010A92 /* Debug */,
				0190066D25B732CA00010A92 /* Release */,
			);
			defaultConfigurationIsVisible = 0;
			defaultConfigurationName = Release;
		};
		0190066E25B732CA00010A92 /* Build configuration list for PBXNativeTarget "elevator-waitUITests" */ = {
			isa = XCConfigurationList;
			buildConfigurations = (
				0190066F25B732CA00010A92 /* Debug */,
				0190067025B732CA00010A92 /* Release */,
			);
			defaultConfigurationIsVisible = 0;
			defaultConfigurationName = Release;
		};
/* End XCConfigurationList section */
	};
	rootObject = 0190060F25B732C600010A92 /* Project object */;
}
